
Microsoft Visual Studio Solution File, Format Version 12.00
# Visual Studio Version 17
VisualStudioVersion = 17.12.35707.178
MinimumVisualStudioVersion = 10.0.40219.1
Project("{2150E333-8FDC-42A3-9474-1A3956D46DE8}") = "Task_02_02", "Task_02_02", "{D4714848-3EFC-4B4C-B20E-B5C4BE6BAA25}"
EndProject
Project("{FAE04EC0-301F-11D3-BF4B-00C04F79EFBC}") = "Task_02_02", "Task_02_02\Task_02_02.csproj", "{D3D27F46-E35E-4302-90A1-2E8AFA1BD369}"
EndProject
Project("{2150E333-8FDC-42A3-9474-1A3956D46DE8}") = "Task_02_04", "Task_02_04", "{04F3BEDB-1DE0-4AED-A5C8-24BA45B80913}"
EndProject
Project("{FAE04EC0-301F-11D3-BF4B-00C04F79EFBC}") = "Task_02_04", "Task_02_04\Task_02_04.csproj", "{4C255B70-FB36-4E00-82D4-CC07EBEB0E0F}"
EndProject
Project("{2150E333-8FDC-42A3-9474-1A3956D46DE8}") = "Lesson_2", "Lesson_2", "{F4C7B67D-02CE-4C1F-8896-F9562187F66D}"
EndProject
Project("{2150E333-8FDC-42A3-9474-1A3956D46DE8}") = "Lesson_3", "Lesson_3", "{AFEAC909-F6B9-487C-8EC2-E55167B0AF37}"
EndProject
Project("{2150E333-8FDC-42A3-9474-1A3956D46DE8}") = "Task_03_04", "Task_03_04", "{3F1449B7-A231-4CBB-93BF-8BFA2CBE12FA}"
EndProject
Project("{FAE04EC0-301F-11D3-BF4B-00C04F79EFBC}") = "Taks_03_04", "Taks_03_04\Taks_03_04.csproj", "{2907D264-EF99-4943-99FA-3C0CE9BACE1A}"
EndProject
Project("{2150E333-8FDC-42A3-9474-1A3956D46DE8}") = "Task_03_05", "Task_03_05", "{C49D39E4-6B08-4D54-8C5C-C5B8303EDA88}"
EndProject
Project("{FAE04EC0-301F-11D3-BF4B-00C04F79EFBC}") = "Task_03_05", "Task_03_05\Task_03_05.csproj", "{15696324-009C-4700-8846-CEFCCC2D8484}"
EndProject
Project("{2150E333-8FDC-42A3-9474-1A3956D46DE8}") = "Task_03_06", "Task_03_06", "{88206929-F3B7-40F9-A26D-4A8DFDD18EA7}"
EndProject
Project("{FAE04EC0-301F-11D3-BF4B-00C04F79EFBC}") = "Task_03_06", "Task_03_06\Task_03_06.csproj", "{C25F90A9-4DCC-4D80-8B16-CDD1ED96B4D2}"
EndProject
Project("{2150E333-8FDC-42A3-9474-1A3956D46DE8}") = "Task_03_07", "Task_03_07", "{42530BF2-299F-434B-806E-C219E3DFF2F9}"
EndProject
Project("{FAE04EC0-301F-11D3-BF4B-00C04F79EFBC}") = "Task_03_07", "Task_03_07\Task_03_07.csproj", "{3D02284C-727A-4906-BCFB-405D480F9E16}"
EndProject
Project("{2150E333-8FDC-42A3-9474-1A3956D46DE8}") = "Task_03_08", "Task_03_08", "{CB063A1C-F8ED-4623-913D-2873D76DB3D7}"
EndProject
Project("{FAE04EC0-301F-11D3-BF4B-00C04F79EFBC}") = "Task_03_08", "Task_03_08\Task_03_08.csproj", "{4BD9904C-6A5A-4299-832A-5A03F9B95D2D}"
EndProject
Project("{2150E333-8FDC-42A3-9474-1A3956D46DE8}") = "Task_03_09", "Task_03_09", "{085B6236-F01A-416A-B0A7-FAF20C7FC97D}"
EndProject
Project("{FAE04EC0-301F-11D3-BF4B-00C04F79EFBC}") = "Task_03_09", "Task_03_09\Task_03_09.csproj", "{8E933123-2CA3-4CA3-BC95-AA234F257205}"
EndProject
Global
	GlobalSection(SolutionConfigurationPlatforms) = preSolution
		Debug|Any CPU = Debug|Any CPU
		Release|Any CPU = Release|Any CPU
	EndGlobalSection
	GlobalSection(ProjectConfigurationPlatforms) = postSolution
		{D3D27F46-E35E-4302-90A1-2E8AFA1BD369}.Debug|Any CPU.ActiveCfg = Debug|Any CPU
		{D3D27F46-E35E-4302-90A1-2E8AFA1BD369}.Debug|Any CPU.Build.0 = Debug|Any CPU
		{D3D27F46-E35E-4302-90A1-2E8AFA1BD369}.Release|Any CPU.ActiveCfg = Release|Any CPU
		{D3D27F46-E35E-4302-90A1-2E8AFA1BD369}.Release|Any CPU.Build.0 = Release|Any CPU
		{4C255B70-FB36-4E00-82D4-CC07EBEB0E0F}.Debug|Any CPU.ActiveCfg = Debug|Any CPU
		{4C255B70-FB36-4E00-82D4-CC07EBEB0E0F}.Debug|Any CPU.Build.0 = Debug|Any CPU
		{4C255B70-FB36-4E00-82D4-CC07EBEB0E0F}.Release|Any CPU.ActiveCfg = Release|Any CPU
		{4C255B70-FB36-4E00-82D4-CC07EBEB0E0F}.Release|Any CPU.Build.0 = Release|Any CPU
		{2907D264-EF99-4943-99FA-3C0CE9BACE1A}.Debug|Any CPU.ActiveCfg = Debug|Any CPU
		{2907D264-EF99-4943-99FA-3C0CE9BACE1A}.Debug|Any CPU.Build.0 = Debug|Any CPU
		{2907D264-EF99-4943-99FA-3C0CE9BACE1A}.Release|Any CPU.ActiveCfg = Release|Any CPU
		{2907D264-EF99-4943-99FA-3C0CE9BACE1A}.Release|Any CPU.Build.0 = Release|Any CPU
		{15696324-009C-4700-8846-CEFCCC2D8484}.Debug|Any CPU.ActiveCfg = Debug|Any CPU
		{15696324-009C-4700-8846-CEFCCC2D8484}.Debug|Any CPU.Build.0 = Debug|Any CPU
		{15696324-009C-4700-8846-CEFCCC2D8484}.Release|Any CPU.ActiveCfg = Release|Any CPU
		{15696324-009C-4700-8846-CEFCCC2D8484}.Release|Any CPU.Build.0 = Release|Any CPU
		{C25F90A9-4DCC-4D80-8B16-CDD1ED96B4D2}.Debug|Any CPU.ActiveCfg = Debug|Any CPU
		{C25F90A9-4DCC-4D80-8B16-CDD1ED96B4D2}.Debug|Any CPU.Build.0 = Debug|Any CPU
		{C25F90A9-4DCC-4D80-8B16-CDD1ED96B4D2}.Release|Any CPU.ActiveCfg = Release|Any CPU
		{C25F90A9-4DCC-4D80-8B16-CDD1ED96B4D2}.Release|Any CPU.Build.0 = Release|Any CPU
		{3D02284C-727A-4906-BCFB-405D480F9E16}.Debug|Any CPU.ActiveCfg = Debug|Any CPU
		{3D02284C-727A-4906-BCFB-405D480F9E16}.Debug|Any CPU.Build.0 = Debug|Any CPU
		{3D02284C-727A-4906-BCFB-405D480F9E16}.Release|Any CPU.ActiveCfg = Release|Any CPU
		{3D02284C-727A-4906-BCFB-405D480F9E16}.Release|Any CPU.Build.0 = Release|Any CPU
		{4BD9904C-6A5A-4299-832A-5A03F9B95D2D}.Debug|Any CPU.ActiveCfg = Debug|Any CPU
		{4BD9904C-6A5A-4299-832A-5A03F9B95D2D}.Debug|Any CPU.Build.0 = Debug|Any CPU
		{4BD9904C-6A5A-4299-832A-5A03F9B95D2D}.Release|Any CPU.ActiveCfg = Release|Any CPU
		{4BD9904C-6A5A-4299-832A-5A03F9B95D2D}.Release|Any CPU.Build.0 = Release|Any CPU
		{8E933123-2CA3-4CA3-BC95-AA234F257205}.Debug|Any CPU.ActiveCfg = Debug|Any CPU
		{8E933123-2CA3-4CA3-BC95-AA234F257205}.Debug|Any CPU.Build.0 = Debug|Any CPU
		{8E933123-2CA3-4CA3-BC95-AA234F257205}.Release|Any CPU.ActiveCfg = Release|Any CPU
		{8E933123-2CA3-4CA3-BC95-AA234F257205}.Release|Any CPU.Build.0 = Release|Any CPU
	EndGlobalSection
	GlobalSection(SolutionProperties) = preSolution
		HideSolutionNode = FALSE
	EndGlobalSection
	GlobalSection(NestedProjects) = preSolution
		{D4714848-3EFC-4B4C-B20E-B5C4BE6BAA25} = {F4C7B67D-02CE-4C1F-8896-F9562187F66D}
		{D3D27F46-E35E-4302-90A1-2E8AFA1BD369} = {D4714848-3EFC-4B4C-B20E-B5C4BE6BAA25}
		{04F3BEDB-1DE0-4AED-A5C8-24BA45B80913} = {F4C7B67D-02CE-4C1F-8896-F9562187F66D}
		{4C255B70-FB36-4E00-82D4-CC07EBEB0E0F} = {04F3BEDB-1DE0-4AED-A5C8-24BA45B80913}
		{3F1449B7-A231-4CBB-93BF-8BFA2CBE12FA} = {AFEAC909-F6B9-487C-8EC2-E55167B0AF37}
		{2907D264-EF99-4943-99FA-3C0CE9BACE1A} = {3F1449B7-A231-4CBB-93BF-8BFA2CBE12FA}
		{C49D39E4-6B08-4D54-8C5C-C5B8303EDA88} = {AFEAC909-F6B9-487C-8EC2-E55167B0AF37}
		{15696324-009C-4700-8846-CEFCCC2D8484} = {C49D39E4-6B08-4D54-8C5C-C5B8303EDA88}
		{88206929-F3B7-40F9-A26D-4A8DFDD18EA7} = {AFEAC909-F6B9-487C-8EC2-E55167B0AF37}
		{C25F90A9-4DCC-4D80-8B16-CDD1ED96B4D2} = {88206929-F3B7-40F9-A26D-4A8DFDD18EA7}
		{42530BF2-299F-434B-806E-C219E3DFF2F9} = {AFEAC909-F6B9-487C-8EC2-E55167B0AF37}
		{3D02284C-727A-4906-BCFB-405D480F9E16} = {42530BF2-299F-434B-806E-C219E3DFF2F9}
		{CB063A1C-F8ED-4623-913D-2873D76DB3D7} = {AFEAC909-F6B9-487C-8EC2-E55167B0AF37}
		{4BD9904C-6A5A-4299-832A-5A03F9B95D2D} = {CB063A1C-F8ED-4623-913D-2873D76DB3D7}
		{085B6236-F01A-416A-B0A7-FAF20C7FC97D} = {AFEAC909-F6B9-487C-8EC2-E55167B0AF37}
		{8E933123-2CA3-4CA3-BC95-AA234F257205} = {085B6236-F01A-416A-B0A7-FAF20C7FC97D}
	EndGlobalSection
EndGlobal
